// !$*UTF8*$!
{
	archiveVersion = 1;
	classes = {
	};
	objectVersion = 56;
	objects = {

/* Begin PBXBuildFile section */
		4E9E12442AFBF2E200135588 /* FirebaseAuthenticationApp.swift in Sources */ = {isa = PBXBuildFile; fileRef = 4E9E12432AFBF2E200135588 /* FirebaseAuthenticationApp.swift */; };
		4E9E12462AFBF2E200135588 /* ContentView.swift in Sources */ = {isa = PBXBuildFile; fileRef = 4E9E12452AFBF2E200135588 /* ContentView.swift */; };
		4E9E12482AFBF2E300135588 /* Assets.xcassets in Resources */ = {isa = PBXBuildFile; fileRef = 4E9E12472AFBF2E300135588 /* Assets.xcassets */; };
		4E9E124B2AFBF2E300135588 /* Preview Assets.xcassets in Resources */ = {isa = PBXBuildFile; fileRef = 4E9E124A2AFBF2E300135588 /* Preview Assets.xcassets */; };
		4E9E12552AFBF2E300135588 /* FirebaseAuthenticationTests.swift in Sources */ = {isa = PBXBuildFile; fileRef = 4E9E12542AFBF2E300135588 /* FirebaseAuthenticationTests.swift */; };
		4E9E125F2AFBF2E300135588 /* FirebaseAuthenticationUITests.swift in Sources */ = {isa = PBXBuildFile; fileRef = 4E9E125E2AFBF2E300135588 /* FirebaseAuthenticationUITests.swift */; };
		4E9E12612AFBF2E300135588 /* FirebaseAuthenticationUITestsLaunchTests.swift in Sources */ = {isa = PBXBuildFile; fileRef = 4E9E12602AFBF2E300135588 /* FirebaseAuthenticationUITestsLaunchTests.swift */; };
		4E9E12712AFBF85A00135588 /* FirebaseAuth in Frameworks */ = {isa = PBXBuildFile; productRef = 4E9E12702AFBF85A00135588 /* FirebaseAuth */; };
		4E9E12732AFBF85A00135588 /* FirebaseAuthCombine-Community in Frameworks */ = {isa = PBXBuildFile; productRef = 4E9E12722AFBF85A00135588 /* FirebaseAuthCombine-Community */; };
		4E9E12752AFBF85A00135588 /* FirebaseFirestore in Frameworks */ = {isa = PBXBuildFile; productRef = 4E9E12742AFBF85A00135588 /* FirebaseFirestore */; };
		4E9E12772AFBF85A00135588 /* FirebaseFirestoreSwift in Frameworks */ = {isa = PBXBuildFile; productRef = 4E9E12762AFBF85A00135588 /* FirebaseFirestoreSwift */; };
		4E9E12792AFBF85A00135588 /* FirebaseStorage in Frameworks */ = {isa = PBXBuildFile; productRef = 4E9E12782AFBF85A00135588 /* FirebaseStorage */; };
		4E9E127B2AFBF85A00135588 /* FirebaseStorageCombine-Community in Frameworks */ = {isa = PBXBuildFile; productRef = 4E9E127A2AFBF85A00135588 /* FirebaseStorageCombine-Community */; };
		4E9E127E2AFBFE9700135588 /* AuthenticationView.swift in Sources */ = {isa = PBXBuildFile; fileRef = 4E9E127D2AFBFE9700135588 /* AuthenticationView.swift */; };
		4E9E12802AFBFFC900135588 /* SignInEmailView.swift in Sources */ = {isa = PBXBuildFile; fileRef = 4E9E127F2AFBFFC900135588 /* SignInEmailView.swift */; };
		4E9E12822AFC013F00135588 /* AuthenticationManager.swift in Sources */ = {isa = PBXBuildFile; fileRef = 4E9E12812AFC013F00135588 /* AuthenticationManager.swift */; };
		4E9E12842AFC05D300135588 /* RootView.swift in Sources */ = {isa = PBXBuildFile; fileRef = 4E9E12832AFC05D300135588 /* RootView.swift */; };
		4E9E12862AFC07E400135588 /* SettingView.swift in Sources */ = {isa = PBXBuildFile; fileRef = 4E9E12852AFC07E400135588 /* SettingView.swift */; };
		4E9E12892AFD3F7A00135588 /* GoogleSignIn in Frameworks */ = {isa = PBXBuildFile; productRef = 4E9E12882AFD3F7A00135588 /* GoogleSignIn */; };
		4E9E128B2AFD3F7A00135588 /* GoogleSignInSwift in Frameworks */ = {isa = PBXBuildFile; productRef = 4E9E128A2AFD3F7A00135588 /* GoogleSignInSwift */; };
		4E9E128E2AFD412200135588 /* GoogleService-Info.plist in Resources */ = {isa = PBXBuildFile; fileRef = 4E9E128D2AFD412200135588 /* GoogleService-Info.plist */; };
		4E9E12912AFD42BC00135588 /* Utilities.swift in Sources */ = {isa = PBXBuildFile; fileRef = 4E9E12902AFD42BC00135588 /* Utilities.swift */; };
		4E9E12932AFD485A00135588 /* SignInGoogleHelper.swift in Sources */ = {isa = PBXBuildFile; fileRef = 4E9E12922AFD485A00135588 /* SignInGoogleHelper.swift */; };
		4E9E12952B011BDD00135588 /* SignInAppleHelper.swift in Sources */ = {isa = PBXBuildFile; fileRef = 4E9E12942B011BDD00135588 /* SignInAppleHelper.swift */; };
/* End PBXBuildFile section */

/* Begin PBXContainerItemProxy section */
		4E9E12512AFBF2E300135588 /* PBXContainerItemProxy */ = {
			isa = PBXContainerItemProxy;
			containerPortal = 4E9E12382AFBF2E200135588 /* Project object */;
			proxyType = 1;
			remoteGlobalIDString = 4E9E123F2AFBF2E200135588;
			remoteInfo = FirebaseAuthentication;
		};
		4E9E125B2AFBF2E300135588 /* PBXContainerItemProxy */ = {
			isa = PBXContainerItemProxy;
			containerPortal = 4E9E12382AFBF2E200135588 /* Project object */;
			proxyType = 1;
			remoteGlobalIDString = 4E9E123F2AFBF2E200135588;
			remoteInfo = FirebaseAuthentication;
		};
/* End PBXContainerItemProxy section */

/* Begin PBXFileReference section */
		4E9E12402AFBF2E200135588 /* FirebaseAuthentication.app */ = {isa = PBXFileReference; explicitFileType = wrapper.application; includeInIndex = 0; path = FirebaseAuthentication.app; sourceTree = BUILT_PRODUCTS_DIR; };
		4E9E12432AFBF2E200135588 /* FirebaseAuthenticationApp.swift */ = {isa = PBXFileReference; lastKnownFileType = sourcecode.swift; path = FirebaseAuthenticationApp.swift; sourceTree = "<group>"; };
		4E9E12452AFBF2E200135588 /* ContentView.swift */ = {isa = PBXFileReference; lastKnownFileType = sourcecode.swift; path = ContentView.swift; sourceTree = "<group>"; };
		4E9E12472AFBF2E300135588 /* Assets.xcassets */ = {isa = PBXFileReference; lastKnownFileType = folder.assetcatalog; path = Assets.xcassets; sourceTree = "<group>"; };
		4E9E124A2AFBF2E300135588 /* Preview Assets.xcassets */ = {isa = PBXFileReference; lastKnownFileType = folder.assetcatalog; path = "Preview Assets.xcassets"; sourceTree = "<group>"; };
		4E9E12502AFBF2E300135588 /* FirebaseAuthenticationTests.xctest */ = {isa = PBXFileReference; explicitFileType = wrapper.cfbundle; includeInIndex = 0; path = FirebaseAuthenticationTests.xctest; sourceTree = BUILT_PRODUCTS_DIR; };
		4E9E12542AFBF2E300135588 /* FirebaseAuthenticationTests.swift */ = {isa = PBXFileReference; lastKnownFileType = sourcecode.swift; path = FirebaseAuthenticationTests.swift; sourceTree = "<group>"; };
		4E9E125A2AFBF2E300135588 /* FirebaseAuthenticationUITests.xctest */ = {isa = PBXFileReference; explicitFileType = wrapper.cfbundle; includeInIndex = 0; path = FirebaseAuthenticationUITests.xctest; sourceTree = BUILT_PRODUCTS_DIR; };
		4E9E125E2AFBF2E300135588 /* FirebaseAuthenticationUITests.swift */ = {isa = PBXFileReference; lastKnownFileType = sourcecode.swift; path = FirebaseAuthenticationUITests.swift; sourceTree = "<group>"; };
		4E9E12602AFBF2E300135588 /* FirebaseAuthenticationUITestsLaunchTests.swift */ = {isa = PBXFileReference; lastKnownFileType = sourcecode.swift; path = FirebaseAuthenticationUITestsLaunchTests.swift; sourceTree = "<group>"; };
		4E9E127D2AFBFE9700135588 /* AuthenticationView.swift */ = {isa = PBXFileReference; lastKnownFileType = sourcecode.swift; path = AuthenticationView.swift; sourceTree = "<group>"; };
		4E9E127F2AFBFFC900135588 /* SignInEmailView.swift */ = {isa = PBXFileReference; lastKnownFileType = sourcecode.swift; path = SignInEmailView.swift; sourceTree = "<group>"; };
		4E9E12812AFC013F00135588 /* AuthenticationManager.swift */ = {isa = PBXFileReference; lastKnownFileType = sourcecode.swift; path = AuthenticationManager.swift; sourceTree = "<group>"; };
		4E9E12832AFC05D300135588 /* RootView.swift */ = {isa = PBXFileReference; lastKnownFileType = sourcecode.swift; path = RootView.swift; sourceTree = "<group>"; };
		4E9E12852AFC07E400135588 /* SettingView.swift */ = {isa = PBXFileReference; lastKnownFileType = sourcecode.swift; path = SettingView.swift; sourceTree = "<group>"; };
		4E9E128C2AFD402300135588 /* Info.plist */ = {isa = PBXFileReference; lastKnownFileType = text.plist; path = Info.plist; sourceTree = "<group>"; };
		4E9E128D2AFD412200135588 /* GoogleService-Info.plist */ = {isa = PBXFileReference; fileEncoding = 4; lastKnownFileType = text.plist.xml; path = "GoogleService-Info.plist"; sourceTree = "<group>"; };
		4E9E12902AFD42BC00135588 /* Utilities.swift */ = {isa = PBXFileReference; lastKnownFileType = sourcecode.swift; path = Utilities.swift; sourceTree = "<group>"; };
		4E9E12922AFD485A00135588 /* SignInGoogleHelper.swift */ = {isa = PBXFileReference; lastKnownFileType = sourcecode.swift; path = SignInGoogleHelper.swift; sourceTree = "<group>"; };
		4E9E12942B011BDD00135588 /* SignInAppleHelper.swift */ = {isa = PBXFileReference; lastKnownFileType = sourcecode.swift; path = SignInAppleHelper.swift; sourceTree = "<group>"; };
/* End PBXFileReference section */

/* Begin PBXFrameworksBuildPhase section */
		4E9E123D2AFBF2E200135588 /* Frameworks */ = {
			isa = PBXFrameworksBuildPhase;
			buildActionMask = 2147483647;
			files = (
				4E9E12712AFBF85A00135588 /* FirebaseAuth in Frameworks */,
				4E9E12732AFBF85A00135588 /* FirebaseAuthCombine-Community in Frameworks */,
				4E9E12752AFBF85A00135588 /* FirebaseFirestore in Frameworks */,
				4E9E128B2AFD3F7A00135588 /* GoogleSignInSwift in Frameworks */,
				4E9E12792AFBF85A00135588 /* FirebaseStorage in Frameworks */,
				4E9E127B2AFBF85A00135588 /* FirebaseStorageCombine-Community in Frameworks */,
				4E9E12772AFBF85A00135588 /* FirebaseFirestoreSwift in Frameworks */,
				4E9E12892AFD3F7A00135588 /* GoogleSignIn in Frameworks */,
			);
			runOnlyForDeploymentPostprocessing = 0;
		};
		4E9E124D2AFBF2E300135588 /* Frameworks */ = {
			isa = PBXFrameworksBuildPhase;
			buildActionMask = 2147483647;
			files = (
			);
			runOnlyForDeploymentPostprocessing = 0;
		};
		4E9E12572AFBF2E300135588 /* Frameworks */ = {
			isa = PBXFrameworksBuildPhase;
			buildActionMask = 2147483647;
			files = (
			);
			runOnlyForDeploymentPostprocessing = 0;
		};
/* End PBXFrameworksBuildPhase section */

/* Begin PBXGroup section */
		4E9E12372AFBF2E200135588 = {
			isa = PBXGroup;
			children = (
				4E9E12422AFBF2E200135588 /* FirebaseAuthentication */,
				4E9E12532AFBF2E300135588 /* FirebaseAuthenticationTests */,
				4E9E125D2AFBF2E300135588 /* FirebaseAuthenticationUITests */,
				4E9E12412AFBF2E200135588 /* Products */,
			);
			sourceTree = "<group>";
		};
		4E9E12412AFBF2E200135588 /* Products */ = {
			isa = PBXGroup;
			children = (
				4E9E12402AFBF2E200135588 /* FirebaseAuthentication.app */,
				4E9E12502AFBF2E300135588 /* FirebaseAuthenticationTests.xctest */,
				4E9E125A2AFBF2E300135588 /* FirebaseAuthenticationUITests.xctest */,
			);
			name = Products;
			sourceTree = "<group>";
		};
		4E9E12422AFBF2E200135588 /* FirebaseAuthentication */ = {
			isa = PBXGroup;
			children = (
				4E9E128F2AFD42A300135588 /* Utilities */,
				4E9E128C2AFD402300135588 /* Info.plist */,
				4E9E128D2AFD412200135588 /* GoogleService-Info.plist */,
				4E9E12432AFBF2E200135588 /* FirebaseAuthenticationApp.swift */,
				4E9E12452AFBF2E200135588 /* ContentView.swift */,
				4E9E127C2AFBFE6600135588 /* Authentication */,
				4E9E12472AFBF2E300135588 /* Assets.xcassets */,
				4E9E12492AFBF2E300135588 /* Preview Content */,
			);
			path = FirebaseAuthentication;
			sourceTree = "<group>";
		};
		4E9E12492AFBF2E300135588 /* Preview Content */ = {
			isa = PBXGroup;
			children = (
				4E9E124A2AFBF2E300135588 /* Preview Assets.xcassets */,
			);
			path = "Preview Content";
			sourceTree = "<group>";
		};
		4E9E12532AFBF2E300135588 /* FirebaseAuthenticationTests */ = {
			isa = PBXGroup;
			children = (
				4E9E12542AFBF2E300135588 /* FirebaseAuthenticationTests.swift */,
			);
			path = FirebaseAuthenticationTests;
			sourceTree = "<group>";
		};
		4E9E125D2AFBF2E300135588 /* FirebaseAuthenticationUITests */ = {
			isa = PBXGroup;
			children = (
				4E9E125E2AFBF2E300135588 /* FirebaseAuthenticationUITests.swift */,
				4E9E12602AFBF2E300135588 /* FirebaseAuthenticationUITestsLaunchTests.swift */,
			);
			path = FirebaseAuthenticationUITests;
			sourceTree = "<group>";
		};
		4E9E127C2AFBFE6600135588 /* Authentication */ = {
			isa = PBXGroup;
			children = (
				4E9E12832AFC05D300135588 /* RootView.swift */,
				4E9E127D2AFBFE9700135588 /* AuthenticationView.swift */,
				4E9E127F2AFBFFC900135588 /* SignInEmailView.swift */,
				4E9E12922AFD485A00135588 /* SignInGoogleHelper.swift */,
				4E9E12942B011BDD00135588 /* SignInAppleHelper.swift */,
				4E9E12812AFC013F00135588 /* AuthenticationManager.swift */,
				4E9E12852AFC07E400135588 /* SettingView.swift */,
			);
			path = Authentication;
			sourceTree = "<group>";
		};
		4E9E128F2AFD42A300135588 /* Utilities */ = {
			isa = PBXGroup;
			children = (
				4E9E12902AFD42BC00135588 /* Utilities.swift */,
			);
			path = Utilities;
			sourceTree = "<group>";
		};
/* End PBXGroup section */

/* Begin PBXNativeTarget section */
		4E9E123F2AFBF2E200135588 /* FirebaseAuthentication */ = {
			isa = PBXNativeTarget;
			buildConfigurationList = 4E9E12642AFBF2E300135588 /* Build configuration list for PBXNativeTarget "FirebaseAuthentication" */;
			buildPhases = (
				4E9E123C2AFBF2E200135588 /* Sources */,
				4E9E123D2AFBF2E200135588 /* Frameworks */,
				4E9E123E2AFBF2E200135588 /* Resources */,
			);
			buildRules = (
			);
			dependencies = (
			);
			name = FirebaseAuthentication;
			packageProductDependencies = (
				4E9E12702AFBF85A00135588 /* FirebaseAuth */,
				4E9E12722AFBF85A00135588 /* FirebaseAuthCombine-Community */,
				4E9E12742AFBF85A00135588 /* FirebaseFirestore */,
				4E9E12762AFBF85A00135588 /* FirebaseFirestoreSwift */,
				4E9E12782AFBF85A00135588 /* FirebaseStorage */,
				4E9E127A2AFBF85A00135588 /* FirebaseStorageCombine-Community */,
				4E9E12882AFD3F7A00135588 /* GoogleSignIn */,
				4E9E128A2AFD3F7A00135588 /* GoogleSignInSwift */,
			);
			productName = FirebaseAuthentication;
			productReference = 4E9E12402AFBF2E200135588 /* FirebaseAuthentication.app */;
			productType = "com.apple.product-type.application";
		};
		4E9E124F2AFBF2E300135588 /* FirebaseAuthenticationTests */ = {
			isa = PBXNativeTarget;
			buildConfigurationList = 4E9E12672AFBF2E300135588 /* Build configuration list for PBXNativeTarget "FirebaseAuthenticationTests" */;
			buildPhases = (
				4E9E124C2AFBF2E300135588 /* Sources */,
				4E9E124D2AFBF2E300135588 /* Frameworks */,
				4E9E124E2AFBF2E300135588 /* Resources */,
			);
			buildRules = (
			);
			dependencies = (
				4E9E12522AFBF2E300135588 /* PBXTargetDependency */,
			);
			name = FirebaseAuthenticationTests;
			productName = FirebaseAuthenticationTests;
			productReference = 4E9E12502AFBF2E300135588 /* FirebaseAuthenticationTests.xctest */;
			productType = "com.apple.product-type.bundle.unit-test";
		};
		4E9E12592AFBF2E300135588 /* FirebaseAuthenticationUITests */ = {
			isa = PBXNativeTarget;
			buildConfigurationList = 4E9E126A2AFBF2E300135588 /* Build configuration list for PBXNativeTarget "FirebaseAuthenticationUITests" */;
			buildPhases = (
				4E9E12562AFBF2E300135588 /* Sources */,
				4E9E12572AFBF2E300135588 /* Frameworks */,
				4E9E12582AFBF2E300135588 /* Resources */,
			);
			buildRules = (
			);
			dependencies = (
				4E9E125C2AFBF2E300135588 /* PBXTargetDependency */,
			);
			name = FirebaseAuthenticationUITests;
			productName = FirebaseAuthenticationUITests;
			productReference = 4E9E125A2AFBF2E300135588 /* FirebaseAuthenticationUITests.xctest */;
			productType = "com.apple.product-type.bundle.ui-testing";
		};
/* End PBXNativeTarget section */

/* Begin PBXProject section */
		4E9E12382AFBF2E200135588 /* Project object */ = {
			isa = PBXProject;
			attributes = {
				BuildIndependentTargetsInParallel = 1;
				LastSwiftUpdateCheck = 1430;
				LastUpgradeCheck = 1430;
				TargetAttributes = {
					4E9E123F2AFBF2E200135588 = {
						CreatedOnToolsVersion = 14.3;
					};
					4E9E124F2AFBF2E300135588 = {
						CreatedOnToolsVersion = 14.3;
						TestTargetID = 4E9E123F2AFBF2E200135588;
					};
					4E9E12592AFBF2E300135588 = {
						CreatedOnToolsVersion = 14.3;
						TestTargetID = 4E9E123F2AFBF2E200135588;
					};
				};
			};
			buildConfigurationList = 4E9E123B2AFBF2E200135588 /* Build configuration list for PBXProject "FirebaseAuthentication" */;
			compatibilityVersion = "Xcode 14.0";
			developmentRegion = en;
			hasScannedForEncodings = 0;
			knownRegions = (
				en,
				Base,
			);
			mainGroup = 4E9E12372AFBF2E200135588;
			packageReferences = (
				4E9E126F2AFBF85A00135588 /* XCRemoteSwiftPackageReference "firebase-ios-sdk" */,
				4E9E12872AFD3F7A00135588 /* XCRemoteSwiftPackageReference "GoogleSignIn-iOS" */,
			);
			productRefGroup = 4E9E12412AFBF2E200135588 /* Products */;
			projectDirPath = "";
			projectRoot = "";
			targets = (
				4E9E123F2AFBF2E200135588 /* FirebaseAuthentication */,
				4E9E124F2AFBF2E300135588 /* FirebaseAuthenticationTests */,
				4E9E12592AFBF2E300135588 /* FirebaseAuthenticationUITests */,
			);
		};
/* End PBXProject section */

/* Begin PBXResourcesBuildPhase section */
		4E9E123E2AFBF2E200135588 /* Resources */ = {
			isa = PBXResourcesBuildPhase;
			buildActionMask = 2147483647;
			files = (
				4E9E124B2AFBF2E300135588 /* Preview Assets.xcassets in Resources */,
				4E9E12482AFBF2E300135588 /* Assets.xcassets in Resources */,
				4E9E128E2AFD412200135588 /* GoogleService-Info.plist in Resources */,
			);
			runOnlyForDeploymentPostprocessing = 0;
		};
		4E9E124E2AFBF2E300135588 /* Resources */ = {
			isa = PBXResourcesBuildPhase;
			buildActionMask = 2147483647;
			files = (
			);
			runOnlyForDeploymentPostprocessing = 0;
		};
		4E9E12582AFBF2E300135588 /* Resources */ = {
			isa = PBXResourcesBuildPhase;
			buildActionMask = 2147483647;
			files = (
			);
			runOnlyForDeploymentPostprocessing = 0;
		};
/* End PBXResourcesBuildPhase section */

/* Begin PBXSourcesBuildPhase section */
		4E9E123C2AFBF2E200135588 /* Sources */ = {
			isa = PBXSourcesBuildPhase;
			buildActionMask = 2147483647;
			files = (
				4E9E12462AFBF2E200135588 /* ContentView.swift in Sources */,
				4E9E12442AFBF2E200135588 /* FirebaseAuthenticationApp.swift in Sources */,
				4E9E12842AFC05D300135588 /* RootView.swift in Sources */,
				4E9E12862AFC07E400135588 /* SettingView.swift in Sources */,
				4E9E12932AFD485A00135588 /* SignInGoogleHelper.swift in Sources */,
				4E9E127E2AFBFE9700135588 /* AuthenticationView.swift in Sources */,
				4E9E12822AFC013F00135588 /* AuthenticationManager.swift in Sources */,
				4E9E12912AFD42BC00135588 /* Utilities.swift in Sources */,
				4E9E12952B011BDD00135588 /* SignInAppleHelper.swift in Sources */,
				4E9E12802AFBFFC900135588 /* SignInEmailView.swift in Sources */,
			);
			runOnlyForDeploymentPostprocessing = 0;
		};
		4E9E124C2AFBF2E300135588 /* Sources */ = {
			isa = PBXSourcesBuildPhase;
			buildActionMask = 2147483647;
			files = (
				4E9E12552AFBF2E300135588 /* FirebaseAuthenticationTests.swift in Sources */,
			);
			runOnlyForDeploymentPostprocessing = 0;
		};
		4E9E12562AFBF2E300135588 /* Sources */ = {
			isa = PBXSourcesBuildPhase;
			buildActionMask = 2147483647;
			files = (
				4E9E125F2AFBF2E300135588 /* FirebaseAuthenticationUITests.swift in Sources */,
				4E9E12612AFBF2E300135588 /* FirebaseAuthenticationUITestsLaunchTests.swift in Sources */,
			);
			runOnlyForDeploymentPostprocessing = 0;
		};
/* End PBXSourcesBuildPhase section */

/* Begin PBXTargetDependency section */
		4E9E12522AFBF2E300135588 /* PBXTargetDependency */ = {
			isa = PBXTargetDependency;
			target = 4E9E123F2AFBF2E200135588 /* FirebaseAuthentication */;
			targetProxy = 4E9E12512AFBF2E300135588 /* PBXContainerItemProxy */;
		};
		4E9E125C2AFBF2E300135588 /* PBXTargetDependency */ = {
			isa = PBXTargetDependency;
			target = 4E9E123F2AFBF2E200135588 /* FirebaseAuthentication */;
			targetProxy = 4E9E125B2AFBF2E300135588 /* PBXContainerItemProxy */;
		};
/* End PBXTargetDependency section */

/* Begin XCBuildConfiguration section */
		4E9E12622AFBF2E300135588 /* Debug */ = {
			isa = XCBuildConfiguration;
			buildSettings = {
				ALWAYS_SEARCH_USER_PATHS = NO;
				CLANG_ANALYZER_NONNULL = YES;
				CLANG_ANALYZER_NUMBER_OBJECT_CONVERSION = YES_AGGRESSIVE;
				CLANG_CXX_LANGUAGE_STANDARD = "gnu++20";
				CLANG_ENABLE_MODULES = YES;
				CLANG_ENABLE_OBJC_ARC = YES;
				CLANG_ENABLE_OBJC_WEAK = YES;
				CLANG_WARN_BLOCK_CAPTURE_AUTORELEASING = YES;
				CLANG_WARN_BOOL_CONVERSION = YES;
				CLANG_WARN_COMMA = YES;
				CLANG_WARN_CONSTANT_CONVERSION = YES;
				CLANG_WARN_DEPRECATED_OBJC_IMPLEMENTATIONS = YES;
				CLANG_WARN_DIRECT_OBJC_ISA_USAGE = YES_ERROR;
				CLANG_WARN_DOCUMENTATION_COMMENTS = YES;
				CLANG_WARN_EMPTY_BODY = YES;
				CLANG_WARN_ENUM_CONVERSION = YES;
				CLANG_WARN_INFINITE_RECURSION = YES;
				CLANG_WARN_INT_CONVERSION = YES;
				CLANG_WARN_NON_LITERAL_NULL_CONVERSION = YES;
				CLANG_WARN_OBJC_IMPLICIT_RETAIN_SELF = YES;
				CLANG_WARN_OBJC_LITERAL_CONVERSION = YES;
				CLANG_WARN_OBJC_ROOT_CLASS = YES_ERROR;
				CLANG_WARN_QUOTED_INCLUDE_IN_FRAMEWORK_HEADER = YES;
				CLANG_WARN_RANGE_LOOP_ANALYSIS = YES;
				CLANG_WARN_STRICT_PROTOTYPES = YES;
				CLANG_WARN_SUSPICIOUS_MOVE = YES;
				CLANG_WARN_UNGUARDED_AVAILABILITY = YES_AGGRESSIVE;
				CLANG_WARN_UNREACHABLE_CODE = YES;
				CLANG_WARN__DUPLICATE_METHOD_MATCH = YES;
				COPY_PHASE_STRIP = NO;
				DEBUG_INFORMATION_FORMAT = dwarf;
				ENABLE_STRICT_OBJC_MSGSEND = YES;
				ENABLE_TESTABILITY = YES;
				GCC_C_LANGUAGE_STANDARD = gnu11;
				GCC_DYNAMIC_NO_PIC = NO;
				GCC_NO_COMMON_BLOCKS = YES;
				GCC_OPTIMIZATION_LEVEL = 0;
				GCC_PREPROCESSOR_DEFINITIONS = (
					"DEBUG=1",
					"$(inherited)",
				);
				GCC_WARN_64_TO_32_BIT_CONVERSION = YES;
				GCC_WARN_ABOUT_RETURN_TYPE = YES_ERROR;
				GCC_WARN_UNDECLARED_SELECTOR = YES;
				GCC_WARN_UNINITIALIZED_AUTOS = YES_AGGRESSIVE;
				GCC_WARN_UNUSED_FUNCTION = YES;
				GCC_WARN_UNUSED_VARIABLE = YES;
				IPHONEOS_DEPLOYMENT_TARGET = 16.4;
				MTL_ENABLE_DEBUG_INFO = INCLUDE_SOURCE;
				MTL_FAST_MATH = YES;
				ONLY_ACTIVE_ARCH = YES;
				SDKROOT = iphoneos;
				SWIFT_ACTIVE_COMPILATION_CONDITIONS = DEBUG;
				SWIFT_OPTIMIZATION_LEVEL = "-Onone";
			};
			name = Debug;
		};
		4E9E12632AFBF2E300135588 /* Release */ = {
			isa = XCBuildConfiguration;
			buildSettings = {
				ALWAYS_SEARCH_USER_PATHS = NO;
				CLANG_ANALYZER_NONNULL = YES;
				CLANG_ANALYZER_NUMBER_OBJECT_CONVERSION = YES_AGGRESSIVE;
				CLANG_CXX_LANGUAGE_STANDARD = "gnu++20";
				CLANG_ENABLE_MODULES = YES;
				CLANG_ENABLE_OBJC_ARC = YES;
				CLANG_ENABLE_OBJC_WEAK = YES;
				CLANG_WARN_BLOCK_CAPTURE_AUTORELEASING = YES;
				CLANG_WARN_BOOL_CONVERSION = YES;
				CLANG_WARN_COMMA = YES;
				CLANG_WARN_CONSTANT_CONVERSION = YES;
				CLANG_WARN_DEPRECATED_OBJC_IMPLEMENTATIONS = YES;
				CLANG_WARN_DIRECT_OBJC_ISA_USAGE = YES_ERROR;
				CLANG_WARN_DOCUMENTATION_COMMENTS = YES;
				CLANG_WARN_EMPTY_BODY = YES;
				CLANG_WARN_ENUM_CONVERSION = YES;
				CLANG_WARN_INFINITE_RECURSION = YES;
				CLANG_WARN_INT_CONVERSION = YES;
				CLANG_WARN_NON_LITERAL_NULL_CONVERSION = YES;
				CLANG_WARN_OBJC_IMPLICIT_RETAIN_SELF = YES;
				CLANG_WARN_OBJC_LITERAL_CONVERSION = YES;
				CLANG_WARN_OBJC_ROOT_CLASS = YES_ERROR;
				CLANG_WARN_QUOTED_INCLUDE_IN_FRAMEWORK_HEADER = YES;
				CLANG_WARN_RANGE_LOOP_ANALYSIS = YES;
				CLANG_WARN_STRICT_PROTOTYPES = YES;
				CLANG_WARN_SUSPICIOUS_MOVE = YES;
				CLANG_WARN_UNGUARDED_AVAILABILITY = YES_AGGRESSIVE;
				CLANG_WARN_UNREACHABLE_CODE = YES;
				CLANG_WARN__DUPLICATE_METHOD_MATCH = YES;
				COPY_PHASE_STRIP = NO;
				DEBUG_INFORMATION_FORMAT = "dwarf-with-dsym";
				ENABLE_NS_ASSERTIONS = NO;
				ENABLE_STRICT_OBJC_MSGSEND = YES;
				GCC_C_LANGUAGE_STANDARD = gnu11;
				GCC_NO_COMMON_BLOCKS = YES;
				GCC_WARN_64_TO_32_BIT_CONVERSION = YES;
				GCC_WARN_ABOUT_RETURN_TYPE = YES_ERROR;
				GCC_WARN_UNDECLARED_SELECTOR = YES;
				GCC_WARN_UNINITIALIZED_AUTOS = YES_AGGRESSIVE;
				GCC_WARN_UNUSED_FUNCTION = YES;
				GCC_WARN_UNUSED_VARIABLE = YES;
				IPHONEOS_DEPLOYMENT_TARGET = 16.4;
				MTL_ENABLE_DEBUG_INFO = NO;
				MTL_FAST_MATH = YES;
				SDKROOT = iphoneos;
				SWIFT_COMPILATION_MODE = wholemodule;
				SWIFT_OPTIMIZATION_LEVEL = "-O";
				VALIDATE_PRODUCT = YES;
			};
			name = Release;
		};
		4E9E12652AFBF2E300135588 /* Debug */ = {
			isa = XCBuildConfiguration;
			buildSettings = {
				ASSETCATALOG_COMPILER_APPICON_NAME = AppIcon;
				ASSETCATALOG_COMPILER_GLOBAL_ACCENT_COLOR_NAME = AccentColor;
				CODE_SIGN_STYLE = Automatic;
				CURRENT_PROJECT_VERSION = 1;
				DEVELOPMENT_ASSET_PATHS = "\"FirebaseAuthentication/Preview Content\"";
				DEVELOPMENT_TEAM = 73NUYU5X4U;
				ENABLE_PREVIEWS = YES;
				GENERATE_INFOPLIST_FILE = YES;
				INFOPLIST_FILE = FirebaseAuthentication/Info.plist;
				INFOPLIST_KEY_UIApplicationSceneManifest_Generation = YES;
				INFOPLIST_KEY_UIApplicationSupportsIndirectInputEvents = YES;
				INFOPLIST_KEY_UILaunchScreen_Generation = YES;
				INFOPLIST_KEY_UISupportedInterfaceOrientations_iPad = "UIInterfaceOrientationPortrait UIInterfaceOrientationPortraitUpsideDown UIInterfaceOrientationLandscapeLeft UIInterfaceOrientationLandscapeRight";
				INFOPLIST_KEY_UISupportedInterfaceOrientations_iPhone = "UIInterfaceOrientationPortrait UIInterfaceOrientationLandscapeLeft UIInterfaceOrientationLandscapeRight";
				LD_RUNPATH_SEARCH_PATHS = (
					"$(inherited)",
					"@executable_path/Frameworks",
				);
				MARKETING_VERSION = 1.0;
				PRODUCT_BUNDLE_IDENTIFIER = Ovanes.FirebaseAuthentication;
				PRODUCT_NAME = "$(TARGET_NAME)";
				SWIFT_EMIT_LOC_STRINGS = YES;
				SWIFT_VERSION = 5.0;
				TARGETED_DEVICE_FAMILY = "1,2";
			};
			name = Debug;
		};
		4E9E12662AFBF2E300135588 /* Release */ = {
			isa = XCBuildConfiguration;
			buildSettings = {
				ASSETCATALOG_COMPILER_APPICON_NAME = AppIcon;
				ASSETCATALOG_COMPILER_GLOBAL_ACCENT_COLOR_NAME = AccentColor;
				CODE_SIGN_STYLE = Automatic;
				CURRENT_PROJECT_VERSION = 1;
				DEVELOPMENT_ASSET_PATHS = "\"FirebaseAuthentication/Preview Content\"";
				DEVELOPMENT_TEAM = 73NUYU5X4U;
				ENABLE_PREVIEWS = YES;
				GENERATE_INFOPLIST_FILE = YES;
				INFOPLIST_FILE = FirebaseAuthentication/Info.plist;
				INFOPLIST_KEY_UIApplicationSceneManifest_Generation = YES;
				INFOPLIST_KEY_UIApplicationSupportsIndirectInputEvents = YES;
				INFOPLIST_KEY_UILaunchScreen_Generation = YES;
				INFOPLIST_KEY_UISupportedInterfaceOrientations_iPad = "UIInterfaceOrientationPortrait UIInterfaceOrientationPortraitUpsideDown UIInterfaceOrientationLandscapeLeft UIInterfaceOrientationLandscapeRight";
				INFOPLIST_KEY_UISupportedInterfaceOrientations_iPhone = "UIInterfaceOrientationPortrait UIInterfaceOrientationLandscapeLeft UIInterfaceOrientationLandscapeRight";
				LD_RUNPATH_SEARCH_PATHS = (
					"$(inherited)",
					"@executable_path/Frameworks",
				);
				MARKETING_VERSION = 1.0;
				PRODUCT_BUNDLE_IDENTIFIER = Ovanes.FirebaseAuthentication;
				PRODUCT_NAME = "$(TARGET_NAME)";
				SWIFT_EMIT_LOC_STRINGS = YES;
				SWIFT_VERSION = 5.0;
				TARGETED_DEVICE_FAMILY = "1,2";
			};
			name = Release;
		};
		4E9E12682AFBF2E300135588 /* Debug */ = {
			isa = XCBuildConfiguration;
			buildSettings = {
				ALWAYS_EMBED_SWIFT_STANDARD_LIBRARIES = YES;
				BUNDLE_LOADER = "$(TEST_HOST)";
				CODE_SIGN_STYLE = Automatic;
				CURRENT_PROJECT_VERSION = 1;
				DEVELOPMENT_TEAM = 73NUYU5X4U;
				GENERATE_INFOPLIST_FILE = YES;
				IPHONEOS_DEPLOYMENT_TARGET = 16.4;
				MARKETING_VERSION = 1.0;
				PRODUCT_BUNDLE_IDENTIFIER = Ovanes.FirebaseAuthenticationTests;
				PRODUCT_NAME = "$(TARGET_NAME)";
				SWIFT_EMIT_LOC_STRINGS = NO;
				SWIFT_VERSION = 5.0;
				TARGETED_DEVICE_FAMILY = "1,2";
				TEST_HOST = "$(BUILT_PRODUCTS_DIR)/FirebaseAuthentication.app/$(BUNDLE_EXECUTABLE_FOLDER_PATH)/FirebaseAuthentication";
			};
			name = Debug;
		};
		4E9E12692AFBF2E300135588 /* Release */ = {
			isa = XCBuildConfiguration;
			buildSettings = {
				ALWAYS_EMBED_SWIFT_STANDARD_LIBRARIES = YES;
				BUNDLE_LOADER = "$(TEST_HOST)";
				CODE_SIGN_STYLE = Automatic;
				CURRENT_PROJECT_VERSION = 1;
				DEVELOPMENT_TEAM = 73NUYU5X4U;
				GENERATE_INFOPLIST_FILE = YES;
				IPHONEOS_DEPLOYMENT_TARGET = 16.4;
				MARKETING_VERSION = 1.0;
				PRODUCT_BUNDLE_IDENTIFIER = Ovanes.FirebaseAuthenticationTests;
				PRODUCT_NAME = "$(TARGET_NAME)";
				SWIFT_EMIT_LOC_STRINGS = NO;
				SWIFT_VERSION = 5.0;
				TARGETED_DEVICE_FAMILY = "1,2";
				TEST_HOST = "$(BUILT_PRODUCTS_DIR)/FirebaseAuthentication.app/$(BUNDLE_EXECUTABLE_FOLDER_PATH)/FirebaseAuthentication";
			};
			name = Release;
		};
		4E9E126B2AFBF2E300135588 /* Debug */ = {
			isa = XCBuildConfiguration;
			buildSettings = {
				ALWAYS_EMBED_SWIFT_STANDARD_LIBRARIES = YES;
				CODE_SIGN_STYLE = Automatic;
				CURRENT_PROJECT_VERSION = 1;
				DEVELOPMENT_TEAM = 73NUYU5X4U;
				GENERATE_INFOPLIST_FILE = YES;
				MARKETING_VERSION = 1.0;
				PRODUCT_BUNDLE_IDENTIFIER = Ovanes.FirebaseAuthenticationUITests;
				PRODUCT_NAME = "$(TARGET_NAME)";
				SWIFT_EMIT_LOC_STRINGS = NO;
				SWIFT_VERSION = 5.0;
				TARGETED_DEVICE_FAMILY = "1,2";
				TEST_TARGET_NAME = FirebaseAuthentication;
			};
			name = Debug;
		};
		4E9E126C2AFBF2E300135588 /* Release */ = {
			isa = XCBuildConfiguration;
			buildSettings = {
				ALWAYS_EMBED_SWIFT_STANDARD_LIBRARIES = YES;
				CODE_SIGN_STYLE = Automatic;
				CURRENT_PROJECT_VERSION = 1;
				DEVELOPMENT_TEAM = 73NUYU5X4U;
				GENERATE_INFOPLIST_FILE = YES;
				MARKETING_VERSION = 1.0;
				PRODUCT_BUNDLE_IDENTIFIER = Ovanes.FirebaseAuthenticationUITests;
				PRODUCT_NAME = "$(TARGET_NAME)";
				SWIFT_EMIT_LOC_STRINGS = NO;
				SWIFT_VERSION = 5.0;
				TARGETED_DEVICE_FAMILY = "1,2";
				TEST_TARGET_NAME = FirebaseAuthentication;
			};
			name = Release;
		};
/* End XCBuildConfiguration section */

/* Begin XCConfigurationList section */
		4E9E123B2AFBF2E200135588 /* Build configuration list for PBXProject "FirebaseAuthentication" */ = {
			isa = XCConfigurationList;
			buildConfigurations = (
				4E9E12622AFBF2E300135588 /* Debug */,
				4E9E12632AFBF2E300135588 /* Release */,
			);
			defaultConfigurationIsVisible = 0;
			defaultConfigurationName = Release;
		};
		4E9E12642AFBF2E300135588 /* Build configuration list for PBXNativeTarget "FirebaseAuthentication" */ = {
			isa = XCConfigurationList;
			buildConfigurations = (
				4E9E12652AFBF2E300135588 /* Debug */,
				4E9E12662AFBF2E300135588 /* Release */,
			);
			defaultConfigurationIsVisible = 0;
			defaultConfigurationName = Release;
		};
		4E9E12672AFBF2E300135588 /* Build configuration list for PBXNativeTarget "FirebaseAuthenticationTests" */ = {
			isa = XCConfigurationList;
			buildConfigurations = (
				4E9E12682AFBF2E300135588 /* Debug */,
				4E9E12692AFBF2E300135588 /* Release */,
			);
			defaultConfigurationIsVisible = 0;
			defaultConfigurationName = Release;
		};
		4E9E126A2AFBF2E300135588 /* Build configuration list for PBXNativeTarget "FirebaseAuthenticationUITests" */ = {
			isa = XCConfigurationList;
			buildConfigurations = (
				4E9E126B2AFBF2E300135588 /* Debug */,
				4E9E126C2AFBF2E300135588 /* Release */,
			);
			defaultConfigurationIsVisible = 0;
			defaultConfigurationName = Release;
		};
/* End XCConfigurationList section */

/* Begin XCRemoteSwiftPackageReference section */
		4E9E126F2AFBF85A00135588 /* XCRemoteSwiftPackageReference "firebase-ios-sdk" */ = {
			isa = XCRemoteSwiftPackageReference;
			repositoryURL = "https://github.com/firebase/firebase-ios-sdk";
			requirement = {
				kind = upToNextMajorVersion;
				minimumVersion = 10.0.0;
			};
		};
		4E9E12872AFD3F7A00135588 /* XCRemoteSwiftPackageReference "GoogleSignIn-iOS" */ = {
			isa = XCRemoteSwiftPackageReference;
			repositoryURL = "https://github.com/google/GoogleSignIn-iOS";
			requirement = {
				kind = upToNextMajorVersion;
				minimumVersion = 7.0.0;
			};
		};
/* End XCRemoteSwiftPackageReference section */

/* Begin XCSwiftPackageProductDependency section */
		4E9E12702AFBF85A00135588 /* FirebaseAuth */ = {
			isa = XCSwiftPackageProductDependency;
			package = 4E9E126F2AFBF85A00135588 /* XCRemoteSwiftPackageReference "firebase-ios-sdk" */;
			productName = FirebaseAuth;
		};
		4E9E12722AFBF85A00135588 /* FirebaseAuthCombine-Community */ = {
			isa = XCSwiftPackageProductDependency;
			package = 4E9E126F2AFBF85A00135588 /* XCRemoteSwiftPackageReference "firebase-ios-sdk" */;
			productName = "FirebaseAuthCombine-Community";
		};
		4E9E12742AFBF85A00135588 /* FirebaseFirestore */ = {
			isa = XCSwiftPackageProductDependency;
			package = 4E9E126F2AFBF85A00135588 /* XCRemoteSwiftPackageReference "firebase-ios-sdk" */;
			productName = FirebaseFirestore;
		};
		4E9E12762AFBF85A00135588 /* FirebaseFirestoreSwift */ = {
			isa = XCSwiftPackageProductDependency;
			package = 4E9E126F2AFBF85A00135588 /* XCRemoteSwiftPackageReference "firebase-ios-sdk" */;
			productName = FirebaseFirestoreSwift;
		};
		4E9E12782AFBF85A00135588 /* FirebaseStorage */ = {
			isa = XCSwiftPackageProductDependency;
			package = 4E9E126F2AFBF85A00135588 /* XCRemoteSwiftPackageReference "firebase-ios-sdk" */;
			productName = FirebaseStorage;
		};
		4E9E127A2AFBF85A00135588 /* FirebaseStorageCombine-Community */ = {
			isa = XCSwiftPackageProductDependency;
			package = 4E9E126F2AFBF85A00135588 /* XCRemoteSwiftPackageReference "firebase-ios-sdk" */;
			productName = "FirebaseStorageCombine-Community";
		};
		4E9E12882AFD3F7A00135588 /* GoogleSignIn */ = {
			isa = XCSwiftPackageProductDependency;
			package = 4E9E12872AFD3F7A00135588 /* XCRemoteSwiftPackageReference "GoogleSignIn-iOS" */;
			productName = GoogleSignIn;
		};
		4E9E128A2AFD3F7A00135588 /* GoogleSignInSwift */ = {
			isa = XCSwiftPackageProductDependency;
			package = 4E9E12872AFD3F7A00135588 /* XCRemoteSwiftPackageReference "GoogleSignIn-iOS" */;
			productName = GoogleSignInSwift;
		};
/* End XCSwiftPackageProductDependency section */
	};
	rootObject = 4E9E12382AFBF2E200135588 /* Project object */;
}
